PODS:
  - lottie-ios (2.5.3)
  - PPBadgeView (3.1.0)

DEPENDENCIES:
  - lottie-ios (~> 2.5.3)
  - PPBadgeView

SPEC REPOS:
  trunk:
    - lottie-ios
    - PPBadgeView

SPEC CHECKSUMS:
  lottie-ios: a50d5c0160425cd4b01b852bb9578963e6d92d31
  PPBadgeView: b50a223638970fd0781e8753250385864b6dd2fe

PODFILE CHECKSUM: 24e500c5cc334c3b135e24f90e57b5f85bc8a0a5

COCOAPODS: 1.9.3
