PODS:
  - lottie-ios (2.5.3)
  - PPBadgeView (3.1.0)

DEPENDENCIES:
  - lottie-ios (~> 2.5.3)
  - PPBadgeView

SPEC REPOS:
  trunk:
    - lottie-ios
    - PPBadgeView

SPEC CHECKSUMS:
  lottie-ios: a50d5c0160425cd4b01b852bb9578963e6d92d31
  PPBadgeView: b50a223638970fd0781e8753250385864b6dd2fe

PODFILE CHECKSUM: 876ce3e587a70b00effc397e27e1044dc789c9e7

COCOAPODS: 1.9.3
